
Microsoft Visual Studio Solution File, Format Version 12.00
Project("{FAE04EC0-301F-11D3-BF4B-00C04F79EFBC}") = "MultithreadedSimulation_lab2", "MultithreadedSimulation_lab2\MultithreadedSimulation_lab2.csproj", "{64AFAA45-07B2-4F6E-9DE5-F750B30427AE}"
EndProject
Project("{FAE04EC0-301F-11D3-BF4B-00C04F79EFBC}") = "Model", "Model\Model.csproj", "{9FAD79DC-D855-447F-8B17-CBE63DBD62AE}"
EndProject
Project("{FAE04EC0-301F-11D3-BF4B-00C04F79EFBC}") = "Strategy", "Strategy\Strategy.csproj", "{3FF2FE37-31A5-457B-BF01-8256F9F4B20B}"
EndProject
Project("{FAE04EC0-301F-11D3-BF4B-00C04F79EFBC}") = "StrategyInterface", " StrategyInterface\StrategyInterface.csproj", "{B5317748-DB76-443A-8C3A-D3A9A758B777}"
EndProject
Global
	GlobalSection(SolutionConfigurationPlatforms) = preSolution
		Debug|Any CPU = Debug|Any CPU
		Release|Any CPU = Release|Any CPU
	EndGlobalSection
	GlobalSection(ProjectConfigurationPlatforms) = postSolution
		{64AFAA45-07B2-4F6E-9DE5-F750B30427AE}.Debug|Any CPU.ActiveCfg = Debug|Any CPU
		{64AFAA45-07B2-4F6E-9DE5-F750B30427AE}.Debug|Any CPU.Build.0 = Debug|Any CPU
		{64AFAA45-07B2-4F6E-9DE5-F750B30427AE}.Release|Any CPU.ActiveCfg = Release|Any CPU
		{64AFAA45-07B2-4F6E-9DE5-F750B30427AE}.Release|Any CPU.Build.0 = Release|Any CPU
		{9FAD79DC-D855-447F-8B17-CBE63DBD62AE}.Debug|Any CPU.ActiveCfg = Debug|Any CPU
		{9FAD79DC-D855-447F-8B17-CBE63DBD62AE}.Debug|Any CPU.Build.0 = Debug|Any CPU
		{9FAD79DC-D855-447F-8B17-CBE63DBD62AE}.Release|Any CPU.ActiveCfg = Release|Any CPU
		{9FAD79DC-D855-447F-8B17-CBE63DBD62AE}.Release|Any CPU.Build.0 = Release|Any CPU
		{3FF2FE37-31A5-457B-BF01-8256F9F4B20B}.Debug|Any CPU.ActiveCfg = Debug|Any CPU
		{3FF2FE37-31A5-457B-BF01-8256F9F4B20B}.Debug|Any CPU.Build.0 = Debug|Any CPU
		{3FF2FE37-31A5-457B-BF01-8256F9F4B20B}.Release|Any CPU.ActiveCfg = Release|Any CPU
		{3FF2FE37-31A5-457B-BF01-8256F9F4B20B}.Release|Any CPU.Build.0 = Release|Any CPU
		{B5317748-DB76-443A-8C3A-D3A9A758B777}.Debug|Any CPU.ActiveCfg = Debug|Any CPU
		{B5317748-DB76-443A-8C3A-D3A9A758B777}.Debug|Any CPU.Build.0 = Debug|Any CPU
		{B5317748-DB76-443A-8C3A-D3A9A758B777}.Release|Any CPU.ActiveCfg = Release|Any CPU
		{B5317748-DB76-443A-8C3A-D3A9A758B777}.Release|Any CPU.Build.0 = Release|Any CPU
	EndGlobalSection
EndGlobal
