
Microsoft Visual Studio Solution File, Format Version 12.00
Project("{FAE04EC0-301F-11D3-BF4B-00C04F79EFBC}") = "TableService.Api", "TableService.Api\TableService.Api.csproj", "{61809654-C012-47E8-8D1B-CDE8B6777C45}"
EndProject
Project("{FAE04EC0-301F-11D3-BF4B-00C04F79EFBC}") = "TableService.Domain", "TableService.Domain\TableService.Domain.csproj", "{045F932A-B522-4481-8D13-01154F935D5C}"
EndProject
Project("{FAE04EC0-301F-11D3-BF4B-00C04F79EFBC}") = "TableService.Application", "TableService.Application\TableService.Application.csproj", "{5AA0031C-4D39-445C-ABD0-C28ED27D7ABC}"
EndProject
Project("{FAE04EC0-301F-11D3-BF4B-00C04F79EFBC}") = "Contract", "Contract\Contract.csproj", "{BDE2C10D-C1F7-450E-BD9E-8550DCADD1A1}"
EndProject
Global
	GlobalSection(SolutionConfigurationPlatforms) = preSolution
		Debug|Any CPU = Debug|Any CPU
		Release|Any CPU = Release|Any CPU
	EndGlobalSection
	GlobalSection(ProjectConfigurationPlatforms) = postSolution
		{61809654-C012-47E8-8D1B-CDE8B6777C45}.Debug|Any CPU.ActiveCfg = Debug|Any CPU
		{61809654-C012-47E8-8D1B-CDE8B6777C45}.Debug|Any CPU.Build.0 = Debug|Any CPU
		{61809654-C012-47E8-8D1B-CDE8B6777C45}.Release|Any CPU.ActiveCfg = Release|Any CPU
		{61809654-C012-47E8-8D1B-CDE8B6777C45}.Release|Any CPU.Build.0 = Release|Any CPU
		{045F932A-B522-4481-8D13-01154F935D5C}.Debug|Any CPU.ActiveCfg = Debug|Any CPU
		{045F932A-B522-4481-8D13-01154F935D5C}.Debug|Any CPU.Build.0 = Debug|Any CPU
		{045F932A-B522-4481-8D13-01154F935D5C}.Release|Any CPU.ActiveCfg = Release|Any CPU
		{045F932A-B522-4481-8D13-01154F935D5C}.Release|Any CPU.Build.0 = Release|Any CPU
		{5AA0031C-4D39-445C-ABD0-C28ED27D7ABC}.Debug|Any CPU.ActiveCfg = Debug|Any CPU
		{5AA0031C-4D39-445C-ABD0-C28ED27D7ABC}.Debug|Any CPU.Build.0 = Debug|Any CPU
		{5AA0031C-4D39-445C-ABD0-C28ED27D7ABC}.Release|Any CPU.ActiveCfg = Release|Any CPU
		{5AA0031C-4D39-445C-ABD0-C28ED27D7ABC}.Release|Any CPU.Build.0 = Release|Any CPU
		{BDE2C10D-C1F7-450E-BD9E-8550DCADD1A1}.Debug|Any CPU.ActiveCfg = Debug|Any CPU
		{BDE2C10D-C1F7-450E-BD9E-8550DCADD1A1}.Debug|Any CPU.Build.0 = Debug|Any CPU
		{BDE2C10D-C1F7-450E-BD9E-8550DCADD1A1}.Release|Any CPU.ActiveCfg = Release|Any CPU
		{BDE2C10D-C1F7-450E-BD9E-8550DCADD1A1}.Release|Any CPU.Build.0 = Release|Any CPU
	EndGlobalSection
EndGlobal
