
Microsoft Visual Studio Solution File, Format Version 12.00
Project("{FAE04EC0-301F-11D3-BF4B-00C04F79EFBC}") = "StepByStepSimulationNew", "StepByStepSimulationNew\StepByStepSimulationNew.csproj", "{F61CF21C-190B-4FDA-B3A0-6BBC49B7EC4B}"
EndProject
Project("{FAE04EC0-301F-11D3-BF4B-00C04F79EFBC}") = "Strategy", "Strategy\Strategy.csproj", "{0B9A7E41-7A69-465A-8639-B71944B6CFCA}"
EndProject
Project("{FAE04EC0-301F-11D3-BF4B-00C04F79EFBC}") = "StrategyInterface", "StrategyInterface\StrategyInterface.csproj", "{E9365892-37ED-4AC5-8A89-4556E20D001A}"
EndProject
Project("{FAE04EC0-301F-11D3-BF4B-00C04F79EFBC}") = "Model", "Model\Model.csproj", "{1E0F42A8-9AB7-4081-9D72-17777D42EA7E}"
EndProject
Global
	GlobalSection(SolutionConfigurationPlatforms) = preSolution
		Debug|Any CPU = Debug|Any CPU
		Release|Any CPU = Release|Any CPU
	EndGlobalSection
	GlobalSection(ProjectConfigurationPlatforms) = postSolution
		{F61CF21C-190B-4FDA-B3A0-6BBC49B7EC4B}.Debug|Any CPU.ActiveCfg = Debug|Any CPU
		{F61CF21C-190B-4FDA-B3A0-6BBC49B7EC4B}.Debug|Any CPU.Build.0 = Debug|Any CPU
		{F61CF21C-190B-4FDA-B3A0-6BBC49B7EC4B}.Release|Any CPU.ActiveCfg = Release|Any CPU
		{F61CF21C-190B-4FDA-B3A0-6BBC49B7EC4B}.Release|Any CPU.Build.0 = Release|Any CPU
		{0B9A7E41-7A69-465A-8639-B71944B6CFCA}.Debug|Any CPU.ActiveCfg = Debug|Any CPU
		{0B9A7E41-7A69-465A-8639-B71944B6CFCA}.Debug|Any CPU.Build.0 = Debug|Any CPU
		{0B9A7E41-7A69-465A-8639-B71944B6CFCA}.Release|Any CPU.ActiveCfg = Release|Any CPU
		{0B9A7E41-7A69-465A-8639-B71944B6CFCA}.Release|Any CPU.Build.0 = Release|Any CPU
		{E9365892-37ED-4AC5-8A89-4556E20D001A}.Debug|Any CPU.ActiveCfg = Debug|Any CPU
		{E9365892-37ED-4AC5-8A89-4556E20D001A}.Debug|Any CPU.Build.0 = Debug|Any CPU
		{E9365892-37ED-4AC5-8A89-4556E20D001A}.Release|Any CPU.ActiveCfg = Release|Any CPU
		{E9365892-37ED-4AC5-8A89-4556E20D001A}.Release|Any CPU.Build.0 = Release|Any CPU
		{1E0F42A8-9AB7-4081-9D72-17777D42EA7E}.Debug|Any CPU.ActiveCfg = Debug|Any CPU
		{1E0F42A8-9AB7-4081-9D72-17777D42EA7E}.Debug|Any CPU.Build.0 = Debug|Any CPU
		{1E0F42A8-9AB7-4081-9D72-17777D42EA7E}.Release|Any CPU.ActiveCfg = Release|Any CPU
		{1E0F42A8-9AB7-4081-9D72-17777D42EA7E}.Release|Any CPU.Build.0 = Release|Any CPU
	EndGlobalSection
EndGlobal
